# THIS IS AN AUTOGENERATED FILE. DO NOT EDIT THIS FILE DIRECTLY.
# yarn lockfile v1


"@opentelemetry/api-logs@0.40.0":
  version "0.40.0"
  resolved "https://registry.npmjs.org/@opentelemetry/api-logs/-/api-logs-0.40.0.tgz"
  integrity sha512-8WRuvGnfnbeR9ifGjLN8kklk2fkd0gBT6aN7NHO9zeYF/6qacAViD3bwAKqGXKnJgl39l1EU41I9diqUjamEEQ==
  dependencies:
    "@opentelemetry/api" "^1.0.0"

"@opentelemetry/api@^1.0.0", "@opentelemetry/api@^1.3.0":
  version "1.4.1"
  resolved "https://registry.yarnpkg.com/@opentelemetry/api/-/api-1.4.1.tgz#ff22eb2e5d476fbc2450a196e40dd243cc20c28f"
  integrity sha512-O2yRJce1GOc6PAy3QxFM4NzFiWzvScDC1/5ihYBL6BUEVdq0XMWN01sppE+H6bBXbaFYipjwFLEWLg5PaSOThA==

"@opentelemetry/context-async-hooks@1.14.0":
  version "1.14.0"
  resolved "https://registry.npmjs.org/@opentelemetry/context-async-hooks/-/context-async-hooks-1.14.0.tgz"
  integrity sha512-KfwMzdjxUtQM3uy4ogEdN3pdakFreyZNybKKlvxUM+inF5tAObsGamlmsfmUt6s3mXEC70+DY743+TdG4FMf/Q==

"@opentelemetry/core@1.14.0":
  version "1.14.0"
  resolved "https://registry.npmjs.org/@opentelemetry/core/-/core-1.14.0.tgz"
  integrity sha512-MnMZ+sxsnlzloeuXL2nm5QcNczt/iO82UOeQQDHhV83F2fP3sgntW2evvtoxJki0MBLxEsh5ADD7PR/Hn5uzjw==
  dependencies:
    "@opentelemetry/semantic-conventions" "1.14.0"

"@opentelemetry/exporter-trace-otlp-http@0.40.0":
  version "0.40.0"
  resolved "https://registry.npmjs.org/@opentelemetry/exporter-trace-otlp-http/-/exporter-trace-otlp-http-0.40.0.tgz"
  integrity sha512-H6NcL/he8Eqc4W3ZrtM9xuQTKK2G971y3VfJI5qgKeJg3UowhBAvgE2Nv4Ul/3e5N0ByREnW/WeVWmkXeBtlmA==
  dependencies:
    "@opentelemetry/core" "1.14.0"
    "@opentelemetry/otlp-exporter-base" "0.40.0"
    "@opentelemetry/otlp-transformer" "0.40.0"
    "@opentelemetry/resources" "1.14.0"
    "@opentelemetry/sdk-trace-base" "1.14.0"

"@opentelemetry/otlp-exporter-base@0.40.0":
  version "0.40.0"
  resolved "https://registry.npmjs.org/@opentelemetry/otlp-exporter-base/-/otlp-exporter-base-0.40.0.tgz"
  integrity sha512-AUmMUPM1/oYGbOWYRBBQz4Ic/adMYA/mIMnAy+QAEmCzjBIC/fyRReVhJmF2cpkvYh7QOkX3017zl2dgWLHpvQ==
  dependencies:
    "@opentelemetry/core" "1.14.0"

"@opentelemetry/otlp-transformer@0.40.0":
  version "0.40.0"
  resolved "https://registry.npmjs.org/@opentelemetry/otlp-transformer/-/otlp-transformer-0.40.0.tgz"
  integrity sha512-YrJgVVAsJHibENSbYmC1x+5jAmkAGZ9yrgmHxc6IyqM3D1mryhqBvMRDD31JoavPYelkS7dmrXWM8g7swX0B+g==
  dependencies:
    "@opentelemetry/api-logs" "0.40.0"
    "@opentelemetry/core" "1.14.0"
    "@opentelemetry/resources" "1.14.0"
    "@opentelemetry/sdk-logs" "0.40.0"
    "@opentelemetry/sdk-metrics" "1.14.0"
    "@opentelemetry/sdk-trace-base" "1.14.0"

"@opentelemetry/propagator-b3@1.14.0":
  version "1.14.0"
  resolved "https://registry.npmjs.org/@opentelemetry/propagator-b3/-/propagator-b3-1.14.0.tgz"
  integrity sha512-E05zrq0FxbalwJen8XZVfVclKmc5aqvGhMuSfXkbQ3IXC3EE1IcmJXX3T1Fum2JgeUlOt7FM90kaRG0BZ8Bgow==
  dependencies:
    "@opentelemetry/core" "1.14.0"

"@opentelemetry/propagator-jaeger@1.14.0":
  version "1.14.0"
  resolved "https://registry.npmjs.org/@opentelemetry/propagator-jaeger/-/propagator-jaeger-1.14.0.tgz"
  integrity sha512-B70+npZ9atPdRZjZ/KY5+aiHhK1h/8kqEoPfI6p5Pv0lMgi1aCXwi8w0Cjtm89nV3OhfwNCyuR6dhoFadvO0Ew==
  dependencies:
    "@opentelemetry/core" "1.14.0"

"@opentelemetry/resources@1.14.0":
  version "1.14.0"
  resolved "https://registry.npmjs.org/@opentelemetry/resources/-/resources-1.14.0.tgz"
  integrity sha512-qRfWIgBxxl3z47E036Aey0Lj2ZjlFb27Q7Xnj1y1z/P293RXJZGLtcfn/w8JF7v1Q2hs3SDGxz7Wb9Dko1YUQA==
  dependencies:
    "@opentelemetry/core" "1.14.0"
    "@opentelemetry/semantic-conventions" "1.14.0"

"@opentelemetry/sdk-logs@0.40.0":
  version "0.40.0"
  resolved "https://registry.npmjs.org/@opentelemetry/sdk-logs/-/sdk-logs-0.40.0.tgz"
  integrity sha512-/JG7DOLo/Y3VR9azPXlXNRGQff3gp7nQbWl5cFD2SmlYqUrzMq1OjbksZLVztDu1+ynbFunseUG11SxhoxvSRg==
  dependencies:
    "@opentelemetry/core" "1.14.0"
    "@opentelemetry/resources" "1.14.0"

"@opentelemetry/sdk-metrics@1.14.0":
  version "1.14.0"
  resolved "https://registry.npmjs.org/@opentelemetry/sdk-metrics/-/sdk-metrics-1.14.0.tgz"
  integrity sha512-F0JXmLqT4LmsaiaE28fl0qMtc5w0YuMWTHt1hnANTNX8hxW4IKSv9+wrYG7BZd61HEbPm032Re7fXyzzNA6nIw==
  dependencies:
    "@opentelemetry/core" "1.14.0"
    "@opentelemetry/resources" "1.14.0"
    lodash.merge "4.6.2"

"@opentelemetry/sdk-trace-base@1.14.0":
  version "1.14.0"
  resolved "https://registry.npmjs.org/@opentelemetry/sdk-trace-base/-/sdk-trace-base-1.14.0.tgz"
  integrity sha512-NzRGt3PS+HPKfQYMb6Iy8YYc5OKA73qDwci/6ujOIvyW9vcqBJSWbjZ8FeLEAmuatUB5WrRhEKu9b0sIiIYTrQ==
  dependencies:
    "@opentelemetry/core" "1.14.0"
    "@opentelemetry/resources" "1.14.0"
    "@opentelemetry/semantic-conventions" "1.14.0"

"@opentelemetry/sdk-trace-node@1.14.0":
  version "1.14.0"
  resolved "https://registry.npmjs.org/@opentelemetry/sdk-trace-node/-/sdk-trace-node-1.14.0.tgz"
  integrity sha512-t+batuETp4RBje4F5hdzPTEk/Pg/f5hu+4+x0nkUve+MVqee1yzQrly7KhwcCAlDoMjXB0cwiLBm0NcWbAW5Vw==
  dependencies:
    "@opentelemetry/context-async-hooks" "1.14.0"
    "@opentelemetry/core" "1.14.0"
    "@opentelemetry/propagator-b3" "1.14.0"
    "@opentelemetry/propagator-jaeger" "1.14.0"
    "@opentelemetry/sdk-trace-base" "1.14.0"
    semver "^7.3.5"

"@opentelemetry/semantic-conventions@1.14.0":
  version "1.14.0"
  resolved "https://registry.npmjs.org/@opentelemetry/semantic-conventions/-/semantic-conventions-1.14.0.tgz"
  integrity sha512-rJfCY8rCWz3cb4KI6pEofnytvMPuj3YLQwoscCCYZ5DkdiPjo15IQ0US7+mjcWy9H3fcZIzf2pbJZ7ck/h4tug==

"@types/node@^20.2.6":
  version "20.2.6"
  resolved "https://registry.npmjs.org/@types/node/-/node-20.2.6.tgz"
  integrity sha512-GQBWUtGoefMEOx/vu+emHEHU5aw6JdDoEtZhoBrHFPZbA/YNRFfN996XbBASEWdvmLSLyv9FKYppYGyZjCaq/g==

ansi-sequence-parser@^1.1.0:
  version "1.1.0"
  resolved "https://registry.npmjs.org/ansi-sequence-parser/-/ansi-sequence-parser-1.1.0.tgz"
  integrity sha512-lEm8mt52to2fT8GhciPCGeCXACSz2UwIN4X2e2LJSnZ5uAbn2/dsYdOmUXq0AtWS5cpAupysIneExOgH0Vd2TQ==

balanced-match@^1.0.0:
  version "1.0.2"
  resolved "https://registry.npmjs.org/balanced-match/-/balanced-match-1.0.2.tgz"
  integrity sha512-3oSeUO0TMV67hN1AmbXsK4yaqU7tjiHlbxRDZOpH0KW9+CeX4bRAaX0Anxt0tx2MrpRpWwQaPwIlISEJhYU5Pw==

brace-expansion@^2.0.1:
  version "2.0.1"
  resolved "https://registry.npmjs.org/brace-expansion/-/brace-expansion-2.0.1.tgz"
  integrity sha512-XnAIvQ8eM+kC6aULx6wuQiwVsnzsi9d3WxzV3FpWTGA19F621kwdbsAcFKXgKUHZWsy+mY6iL1sHTxWEFCytDA==
  dependencies:
    balanced-match "^1.0.0"

handlebars@^4.7.7:
  version "4.7.7"
  resolved "https://registry.npmjs.org/handlebars/-/handlebars-4.7.7.tgz"
  integrity sha512-aAcXm5OAfE/8IXkcZvCepKU3VzW1/39Fb5ZuqMtgI/hT8X2YgoMvBY5dLhq/cpOvw7Lk1nK/UF71aLG/ZnVYRA==
  dependencies:
    minimist "^1.2.5"
    neo-async "^2.6.0"
    source-map "^0.6.1"
    wordwrap "^1.0.0"
  optionalDependencies:
    uglify-js "^3.1.4"

jsonc-parser@^3.2.0:
  version "3.2.0"
  resolved "https://registry.npmjs.org/jsonc-parser/-/jsonc-parser-3.2.0.tgz"
  integrity sha512-gfFQZrcTc8CnKXp6Y4/CBT3fTc0OVuDofpre4aEeEpSBPV5X5v4+Vmx+8snU7RLPrNHPKSgLxGo9YuQzz20o+w==

lodash.merge@4.6.2:
  version "4.6.2"
  resolved "https://registry.npmjs.org/lodash.merge/-/lodash.merge-4.6.2.tgz"
  integrity sha512-0KpjqXRVvrYyCsX1swR/XTK0va6VQkQM6MNo7PqW77ByjAhoARA8EfrP1N4+KlKj8YS0ZUCtRT/YUuhyYDujIQ==

lru-cache@^6.0.0:
  version "6.0.0"
  resolved "https://registry.npmjs.org/lru-cache/-/lru-cache-6.0.0.tgz"
  integrity sha512-Jo6dJ04CmSjuznwJSS3pUeWmd/H0ffTlkXXgwZi+eq1UCmqQwCh+eLsYOYCwY991i2Fah4h1BEMCx4qThGbsiA==
  dependencies:
    yallist "^4.0.0"

lunr@^2.3.9:
  version "2.3.9"
  resolved "https://registry.npmjs.org/lunr/-/lunr-2.3.9.tgz"
  integrity sha512-zTU3DaZaF3Rt9rhN3uBMGQD3dD2/vFQqnvZCDv4dl5iOzq2IZQqTxu90r4E5J+nP70J3ilqVCrbho2eWaeW8Ow==

marked@^4.3.0:
  version "4.3.0"
  resolved "https://registry.npmjs.org/marked/-/marked-4.3.0.tgz"
  integrity sha512-PRsaiG84bK+AMvxziE/lCFss8juXjNaWzVbN5tXAm4XjeaS9NAHhop+PjQxz2A9h8Q4M/xGmzP8vqNwy6JeK0A==

minimatch@^9.0.0:
  version "9.0.1"
  resolved "https://registry.npmjs.org/minimatch/-/minimatch-9.0.1.tgz"
  integrity sha512-0jWhJpD/MdhPXwPuiRkCbfYfSKp2qnn2eOc279qI7f+osl/l+prKSrvhg157zSYvx/1nmgn2NqdT6k2Z7zSH9w==
  dependencies:
    brace-expansion "^2.0.1"

minimist@^1.2.5:
  version "1.2.8"
  resolved "https://registry.npmjs.org/minimist/-/minimist-1.2.8.tgz"
  integrity sha512-2yyAR8qBkN3YuheJanUpWC5U3bb5osDywNB8RzDVlDwDHbocAJveqqj1u8+SVD7jkWT4yvsHCpWqqWqAxb0zCA==

neo-async@^2.6.0:
  version "2.6.2"
  resolved "https://registry.npmjs.org/neo-async/-/neo-async-2.6.2.tgz"
  integrity sha512-Yd3UES5mWCSqR+qNT93S3UoYUkqAZ9lLg8a7g9rimsWmYGK8cVToA4/sF3RrshdyV3sAGMXVUmpMYOw+dLpOuw==

semver@^7.3.5:
  version "7.5.1"
  resolved "https://registry.npmjs.org/semver/-/semver-7.5.1.tgz"
  integrity sha512-Wvss5ivl8TMRZXXESstBA4uR5iXgEN/VC5/sOcuXdVLzcdkz4HWetIoRfG5gb5X+ij/G9rw9YoGn3QoQ8OCSpw==
  dependencies:
    lru-cache "^6.0.0"

shiki@^0.14.1:
  version "0.14.2"
  resolved "https://registry.npmjs.org/shiki/-/shiki-0.14.2.tgz"
  integrity sha512-ltSZlSLOuSY0M0Y75KA+ieRaZ0Trf5Wl3gutE7jzLuIcWxLp5i/uEnLoQWNvgKXQ5OMpGkJnVMRLAuzjc0LJ2A==
  dependencies:
    ansi-sequence-parser "^1.1.0"
    jsonc-parser "^3.2.0"
    vscode-oniguruma "^1.7.0"
    vscode-textmate "^8.0.0"

source-map@^0.6.1:
  version "0.6.1"
  resolved "https://registry.npmjs.org/source-map/-/source-map-0.6.1.tgz"
  integrity sha512-UjgapumWlbMhkBgzT7Ykc5YXUT46F0iKu8SGXq0bcwP5dz/h0Plj6enJqjz1Zbq2l5WaqYnrVbwWOWMyF3F47g==

typedoc-plugin-markdown@^3.15.3:
  version "3.15.3"
  resolved "https://registry.npmjs.org/typedoc-plugin-markdown/-/typedoc-plugin-markdown-3.15.3.tgz"
  integrity sha512-idntFYu3vfaY3eaD+w9DeRd0PmNGqGuNLKihPU9poxFGnATJYGn9dPtEhn2QrTdishFMg7jPXAhos+2T6YCWRQ==
  dependencies:
    handlebars "^4.7.7"

typedoc@^0.24.8:
  version "0.24.8"
  resolved "https://registry.npmjs.org/typedoc/-/typedoc-0.24.8.tgz"
  integrity sha512-ahJ6Cpcvxwaxfu4KtjA8qZNqS43wYt6JL27wYiIgl1vd38WW/KWX11YuAeZhuz9v+ttrutSsgK+XO1CjL1kA3w==
  dependencies:
    lunr "^2.3.9"
    marked "^4.3.0"
    minimatch "^9.0.0"
    shiki "^0.14.1"

typescript@^5.1.3:
  version "5.1.3"
  resolved "https://registry.npmjs.org/typescript/-/typescript-5.1.3.tgz"
  integrity sha512-XH627E9vkeqhlZFQuL+UsyAXEnibT0kWR2FWONlr4sTjvxyJYnyefgrkyECLzM5NenmKzRAy2rR/OlYLA1HkZw==

uglify-js@^3.1.4:
  version "3.17.4"
  resolved "https://registry.npmjs.org/uglify-js/-/uglify-js-3.17.4.tgz"
  integrity sha512-T9q82TJI9e/C1TAxYvfb16xO120tMVFZrGA3f9/P4424DNu6ypK103y0GPFVa17yotwSyZW5iYXgjYHkGrJW/g==

vscode-oniguruma@^1.7.0:
  version "1.7.0"
  resolved "https://registry.npmjs.org/vscode-oniguruma/-/vscode-oniguruma-1.7.0.tgz"
  integrity sha512-L9WMGRfrjOhgHSdOYgCt/yRMsXzLDJSL7BPrOZt73gU0iWO4mpqzqQzOz5srxqTvMBaR0XZTSrVWo4j55Rc6cA==

vscode-textmate@^8.0.0:
  version "8.0.0"
  resolved "https://registry.npmjs.org/vscode-textmate/-/vscode-textmate-8.0.0.tgz"
  integrity sha512-AFbieoL7a5LMqcnOF04ji+rpXadgOXnZsxQr//r83kLPr7biP7am3g9zbaZIaBGwBRWeSvoMD4mgPdX3e4NWBg==

wordwrap@^1.0.0:
  version "1.0.0"
  resolved "https://registry.npmjs.org/wordwrap/-/wordwrap-1.0.0.tgz"
  integrity sha512-gvVzJFlPycKc5dZN4yPkP8w7Dc37BtP1yczEneOb4uq34pXZcvrtRTmWV8W+Ume+XCxKgbjM+nevkyFPMybd4Q==

yallist@^4.0.0:
  version "4.0.0"
  resolved "https://registry.npmjs.org/yallist/-/yallist-4.0.0.tgz"
  integrity sha512-3wdGidZyq5PB084XLES5TpOSRA3wjXAlIWMhum2kRcv/41Sn2emQ0dycQW4uZXLejwKvg6EsvbdlVL+FYEct7A==
