# THIS IS AN AUTOGENERATED FILE. DO NOT EDIT THIS FILE DIRECTLY.
# yarn lockfile v1


"@opentelemetry/api-logs@0.40.0":
  version "0.40.0"
  resolved "https://registry.yarnpkg.com/@opentelemetry/api-logs/-/api-logs-0.40.0.tgz#24b75e6d3654c0612c376339daf025d36730fcfd"
  integrity sha512-8WRuvGnfnbeR9ifGjLN8kklk2fkd0gBT6aN7NHO9zeYF/6qacAViD3bwAKqGXKnJgl39l1EU41I9diqUjamEEQ==
  dependencies:
    "@opentelemetry/api" "^1.0.0"

"@opentelemetry/api@^1.0.0", "@opentelemetry/api@^1.3.0":
  version "1.4.1"
  resolved "https://registry.yarnpkg.com/@opentelemetry/api/-/api-1.4.1.tgz#ff22eb2e5d476fbc2450a196e40dd243cc20c28f"
  integrity sha512-O2yRJce1GOc6PAy3QxFM4NzFiWzvScDC1/5ihYBL6BUEVdq0XMWN01sppE+H6bBXbaFYipjwFLEWLg5PaSOThA==

"@opentelemetry/context-async-hooks@1.14.0":
  version "1.14.0"
  resolved "https://registry.yarnpkg.com/@opentelemetry/context-async-hooks/-/context-async-hooks-1.14.0.tgz#1ede5b0da289c53dac791a6f3c709d13c1b6b6bd"
  integrity sha512-KfwMzdjxUtQM3uy4ogEdN3pdakFreyZNybKKlvxUM+inF5tAObsGamlmsfmUt6s3mXEC70+DY743+TdG4FMf/Q==

"@opentelemetry/core@1.14.0":
  version "1.14.0"
  resolved "https://registry.yarnpkg.com/@opentelemetry/core/-/core-1.14.0.tgz#64e876b29cb736c984d54164cd47433f513eafd3"
  integrity sha512-MnMZ+sxsnlzloeuXL2nm5QcNczt/iO82UOeQQDHhV83F2fP3sgntW2evvtoxJki0MBLxEsh5ADD7PR/Hn5uzjw==
  dependencies:
    "@opentelemetry/semantic-conventions" "1.14.0"

"@opentelemetry/exporter-trace-otlp-http@0.40.0":
  version "0.40.0"
  resolved "https://registry.yarnpkg.com/@opentelemetry/exporter-trace-otlp-http/-/exporter-trace-otlp-http-0.40.0.tgz#23d10d51d79f4da5613f7a39876f100442882020"
  integrity sha512-H6NcL/he8Eqc4W3ZrtM9xuQTKK2G971y3VfJI5qgKeJg3UowhBAvgE2Nv4Ul/3e5N0ByREnW/WeVWmkXeBtlmA==
  dependencies:
    "@opentelemetry/core" "1.14.0"
    "@opentelemetry/otlp-exporter-base" "0.40.0"
    "@opentelemetry/otlp-transformer" "0.40.0"
    "@opentelemetry/resources" "1.14.0"
    "@opentelemetry/sdk-trace-base" "1.14.0"

"@opentelemetry/otlp-exporter-base@0.40.0":
  version "0.40.0"
  resolved "https://registry.yarnpkg.com/@opentelemetry/otlp-exporter-base/-/otlp-exporter-base-0.40.0.tgz#34568717b86cfdc9743d4a7c43606a67118458b3"
  integrity sha512-AUmMUPM1/oYGbOWYRBBQz4Ic/adMYA/mIMnAy+QAEmCzjBIC/fyRReVhJmF2cpkvYh7QOkX3017zl2dgWLHpvQ==
  dependencies:
    "@opentelemetry/core" "1.14.0"

"@opentelemetry/otlp-transformer@0.40.0":
  version "0.40.0"
  resolved "https://registry.yarnpkg.com/@opentelemetry/otlp-transformer/-/otlp-transformer-0.40.0.tgz#9b0aa9883f78ad36259e9f7a791e39b48d13c402"
  integrity sha512-YrJgVVAsJHibENSbYmC1x+5jAmkAGZ9yrgmHxc6IyqM3D1mryhqBvMRDD31JoavPYelkS7dmrXWM8g7swX0B+g==
  dependencies:
    "@opentelemetry/api-logs" "0.40.0"
    "@opentelemetry/core" "1.14.0"
    "@opentelemetry/resources" "1.14.0"
    "@opentelemetry/sdk-logs" "0.40.0"
    "@opentelemetry/sdk-metrics" "1.14.0"
    "@opentelemetry/sdk-trace-base" "1.14.0"

"@opentelemetry/propagator-b3@1.14.0":
  version "1.14.0"
  resolved "https://registry.yarnpkg.com/@opentelemetry/propagator-b3/-/propagator-b3-1.14.0.tgz#14fd7d337eeb3a53918b67d5e98714595923aad0"
  integrity sha512-E05zrq0FxbalwJen8XZVfVclKmc5aqvGhMuSfXkbQ3IXC3EE1IcmJXX3T1Fum2JgeUlOt7FM90kaRG0BZ8Bgow==
  dependencies:
    "@opentelemetry/core" "1.14.0"

"@opentelemetry/propagator-jaeger@1.14.0":
  version "1.14.0"
  resolved "https://registry.yarnpkg.com/@opentelemetry/propagator-jaeger/-/propagator-jaeger-1.14.0.tgz#afc652e5f5d917e019e2cb6f4c5cd0c474d3d5ed"
  integrity sha512-B70+npZ9atPdRZjZ/KY5+aiHhK1h/8kqEoPfI6p5Pv0lMgi1aCXwi8w0Cjtm89nV3OhfwNCyuR6dhoFadvO0Ew==
  dependencies:
    "@opentelemetry/core" "1.14.0"

"@opentelemetry/resources@1.14.0":
  version "1.14.0"
  resolved "https://registry.yarnpkg.com/@opentelemetry/resources/-/resources-1.14.0.tgz#d6b0a4e71c2706d33c8c6ec7a7b8fea6ad27ddea"
  integrity sha512-qRfWIgBxxl3z47E036Aey0Lj2ZjlFb27Q7Xnj1y1z/P293RXJZGLtcfn/w8JF7v1Q2hs3SDGxz7Wb9Dko1YUQA==
  dependencies:
    "@opentelemetry/core" "1.14.0"
    "@opentelemetry/semantic-conventions" "1.14.0"

"@opentelemetry/sdk-logs@0.40.0":
  version "0.40.0"
  resolved "https://registry.yarnpkg.com/@opentelemetry/sdk-logs/-/sdk-logs-0.40.0.tgz#cc5d6da4e1ecb22a7e2425be7969b8e491999d7f"
  integrity sha512-/JG7DOLo/Y3VR9azPXlXNRGQff3gp7nQbWl5cFD2SmlYqUrzMq1OjbksZLVztDu1+ynbFunseUG11SxhoxvSRg==
  dependencies:
    "@opentelemetry/core" "1.14.0"
    "@opentelemetry/resources" "1.14.0"

"@opentelemetry/sdk-metrics@1.14.0":
  version "1.14.0"
  resolved "https://registry.yarnpkg.com/@opentelemetry/sdk-metrics/-/sdk-metrics-1.14.0.tgz#ee51d72eb32a74108e6632681ce2df46cddc0714"
  integrity sha512-F0JXmLqT4LmsaiaE28fl0qMtc5w0YuMWTHt1hnANTNX8hxW4IKSv9+wrYG7BZd61HEbPm032Re7fXyzzNA6nIw==
  dependencies:
    "@opentelemetry/core" "1.14.0"
    "@opentelemetry/resources" "1.14.0"
    lodash.merge "4.6.2"

"@opentelemetry/sdk-trace-base@1.14.0":
  version "1.14.0"
  resolved "https://registry.yarnpkg.com/@opentelemetry/sdk-trace-base/-/sdk-trace-base-1.14.0.tgz#831af08f002228a11e577ff860eb6059c8b80fb7"
  integrity sha512-NzRGt3PS+HPKfQYMb6Iy8YYc5OKA73qDwci/6ujOIvyW9vcqBJSWbjZ8FeLEAmuatUB5WrRhEKu9b0sIiIYTrQ==
  dependencies:
    "@opentelemetry/core" "1.14.0"
    "@opentelemetry/resources" "1.14.0"
    "@opentelemetry/semantic-conventions" "1.14.0"

"@opentelemetry/sdk-trace-node@1.14.0":
  version "1.14.0"
  resolved "https://registry.yarnpkg.com/@opentelemetry/sdk-trace-node/-/sdk-trace-node-1.14.0.tgz#b6d3bfca8c34fc5ed531692630f920a2b50c2fff"
  integrity sha512-t+batuETp4RBje4F5hdzPTEk/Pg/f5hu+4+x0nkUve+MVqee1yzQrly7KhwcCAlDoMjXB0cwiLBm0NcWbAW5Vw==
  dependencies:
    "@opentelemetry/context-async-hooks" "1.14.0"
    "@opentelemetry/core" "1.14.0"
    "@opentelemetry/propagator-b3" "1.14.0"
    "@opentelemetry/propagator-jaeger" "1.14.0"
    "@opentelemetry/sdk-trace-base" "1.14.0"
    semver "^7.3.5"

"@opentelemetry/semantic-conventions@1.14.0":
  version "1.14.0"
  resolved "https://registry.yarnpkg.com/@opentelemetry/semantic-conventions/-/semantic-conventions-1.14.0.tgz#6a729b7f372ce30f77a3f217c09bc216f863fccb"
  integrity sha512-rJfCY8rCWz3cb4KI6pEofnytvMPuj3YLQwoscCCYZ5DkdiPjo15IQ0US7+mjcWy9H3fcZIzf2pbJZ7ck/h4tug==

"@types/node@^20.2.6":
  version "20.2.6"
  resolved "https://registry.yarnpkg.com/@types/node/-/node-20.2.6.tgz#f8f4cdcf9bc74fffcb44a9e1e3f3586d583dac24"
  integrity sha512-GQBWUtGoefMEOx/vu+emHEHU5aw6JdDoEtZhoBrHFPZbA/YNRFfN996XbBASEWdvmLSLyv9FKYppYGyZjCaq/g==

ansi-sequence-parser@^1.1.0:
  version "1.1.0"
  resolved "https://registry.yarnpkg.com/ansi-sequence-parser/-/ansi-sequence-parser-1.1.0.tgz#4d790f31236ac20366b23b3916b789e1bde39aed"
  integrity sha512-lEm8mt52to2fT8GhciPCGeCXACSz2UwIN4X2e2LJSnZ5uAbn2/dsYdOmUXq0AtWS5cpAupysIneExOgH0Vd2TQ==

balanced-match@^1.0.0:
  version "1.0.2"
  resolved "https://registry.yarnpkg.com/balanced-match/-/balanced-match-1.0.2.tgz#e83e3a7e3f300b34cb9d87f615fa0cbf357690ee"
  integrity sha512-3oSeUO0TMV67hN1AmbXsK4yaqU7tjiHlbxRDZOpH0KW9+CeX4bRAaX0Anxt0tx2MrpRpWwQaPwIlISEJhYU5Pw==

brace-expansion@^2.0.1:
  version "2.0.1"
  resolved "https://registry.yarnpkg.com/brace-expansion/-/brace-expansion-2.0.1.tgz#1edc459e0f0c548486ecf9fc99f2221364b9a0ae"
  integrity sha512-XnAIvQ8eM+kC6aULx6wuQiwVsnzsi9d3WxzV3FpWTGA19F621kwdbsAcFKXgKUHZWsy+mY6iL1sHTxWEFCytDA==
  dependencies:
    balanced-match "^1.0.0"

handlebars@^4.7.7:
  version "4.7.7"
  resolved "https://registry.yarnpkg.com/handlebars/-/handlebars-4.7.7.tgz#9ce33416aad02dbd6c8fafa8240d5d98004945a1"
  integrity sha512-aAcXm5OAfE/8IXkcZvCepKU3VzW1/39Fb5ZuqMtgI/hT8X2YgoMvBY5dLhq/cpOvw7Lk1nK/UF71aLG/ZnVYRA==
  dependencies:
    minimist "^1.2.5"
    neo-async "^2.6.0"
    source-map "^0.6.1"
    wordwrap "^1.0.0"
  optionalDependencies:
    uglify-js "^3.1.4"

jsonc-parser@^3.2.0:
  version "3.2.0"
  resolved "https://registry.yarnpkg.com/jsonc-parser/-/jsonc-parser-3.2.0.tgz#31ff3f4c2b9793f89c67212627c51c6394f88e76"
  integrity sha512-gfFQZrcTc8CnKXp6Y4/CBT3fTc0OVuDofpre4aEeEpSBPV5X5v4+Vmx+8snU7RLPrNHPKSgLxGo9YuQzz20o+w==

lodash.merge@4.6.2:
  version "4.6.2"
  resolved "https://registry.yarnpkg.com/lodash.merge/-/lodash.merge-4.6.2.tgz#558aa53b43b661e1925a0afdfa36a9a1085fe57a"
  integrity sha512-0KpjqXRVvrYyCsX1swR/XTK0va6VQkQM6MNo7PqW77ByjAhoARA8EfrP1N4+KlKj8YS0ZUCtRT/YUuhyYDujIQ==

lru-cache@^6.0.0:
  version "6.0.0"
  resolved "https://registry.yarnpkg.com/lru-cache/-/lru-cache-6.0.0.tgz#6d6fe6570ebd96aaf90fcad1dafa3b2566db3a94"
  integrity sha512-Jo6dJ04CmSjuznwJSS3pUeWmd/H0ffTlkXXgwZi+eq1UCmqQwCh+eLsYOYCwY991i2Fah4h1BEMCx4qThGbsiA==
  dependencies:
    yallist "^4.0.0"

lunr@^2.3.9:
  version "2.3.9"
  resolved "https://registry.yarnpkg.com/lunr/-/lunr-2.3.9.tgz#18b123142832337dd6e964df1a5a7707b25d35e1"
  integrity sha512-zTU3DaZaF3Rt9rhN3uBMGQD3dD2/vFQqnvZCDv4dl5iOzq2IZQqTxu90r4E5J+nP70J3ilqVCrbho2eWaeW8Ow==

marked@^4.3.0:
  version "4.3.0"
  resolved "https://registry.yarnpkg.com/marked/-/marked-4.3.0.tgz#796362821b019f734054582038b116481b456cf3"
  integrity sha512-PRsaiG84bK+AMvxziE/lCFss8juXjNaWzVbN5tXAm4XjeaS9NAHhop+PjQxz2A9h8Q4M/xGmzP8vqNwy6JeK0A==

minimatch@^9.0.0:
  version "9.0.1"
  resolved "https://registry.yarnpkg.com/minimatch/-/minimatch-9.0.1.tgz#8a555f541cf976c622daf078bb28f29fb927c253"
  integrity sha512-0jWhJpD/MdhPXwPuiRkCbfYfSKp2qnn2eOc279qI7f+osl/l+prKSrvhg157zSYvx/1nmgn2NqdT6k2Z7zSH9w==
  dependencies:
    brace-expansion "^2.0.1"

minimist@^1.2.5:
  version "1.2.8"
  resolved "https://registry.yarnpkg.com/minimist/-/minimist-1.2.8.tgz#c1a464e7693302e082a075cee0c057741ac4772c"
  integrity sha512-2yyAR8qBkN3YuheJanUpWC5U3bb5osDywNB8RzDVlDwDHbocAJveqqj1u8+SVD7jkWT4yvsHCpWqqWqAxb0zCA==

neo-async@^2.6.0:
  version "2.6.2"
  resolved "https://registry.yarnpkg.com/neo-async/-/neo-async-2.6.2.tgz#b4aafb93e3aeb2d8174ca53cf163ab7d7308305f"
  integrity sha512-Yd3UES5mWCSqR+qNT93S3UoYUkqAZ9lLg8a7g9rimsWmYGK8cVToA4/sF3RrshdyV3sAGMXVUmpMYOw+dLpOuw==

semver@^7.3.5:
  version "7.5.1"
  resolved "https://registry.yarnpkg.com/semver/-/semver-7.5.1.tgz#c90c4d631cf74720e46b21c1d37ea07edfab91ec"
  integrity sha512-Wvss5ivl8TMRZXXESstBA4uR5iXgEN/VC5/sOcuXdVLzcdkz4HWetIoRfG5gb5X+ij/G9rw9YoGn3QoQ8OCSpw==
  dependencies:
    lru-cache "^6.0.0"

shiki@^0.14.1:
  version "0.14.2"
  resolved "https://registry.yarnpkg.com/shiki/-/shiki-0.14.2.tgz#d51440800b701392b31ce2336036058e338247a1"
  integrity sha512-ltSZlSLOuSY0M0Y75KA+ieRaZ0Trf5Wl3gutE7jzLuIcWxLp5i/uEnLoQWNvgKXQ5OMpGkJnVMRLAuzjc0LJ2A==
  dependencies:
    ansi-sequence-parser "^1.1.0"
    jsonc-parser "^3.2.0"
    vscode-oniguruma "^1.7.0"
    vscode-textmate "^8.0.0"

source-map@^0.6.1:
  version "0.6.1"
  resolved "https://registry.yarnpkg.com/source-map/-/source-map-0.6.1.tgz#74722af32e9614e9c287a8d0bbde48b5e2f1a263"
  integrity sha512-UjgapumWlbMhkBgzT7Ykc5YXUT46F0iKu8SGXq0bcwP5dz/h0Plj6enJqjz1Zbq2l5WaqYnrVbwWOWMyF3F47g==

typedoc-plugin-markdown@^3.15.3:
  version "3.15.3"
  resolved "https://registry.yarnpkg.com/typedoc-plugin-markdown/-/typedoc-plugin-markdown-3.15.3.tgz#f5419a32b93efbdc0fcba60ca4de37727aeb8ba9"
  integrity sha512-idntFYu3vfaY3eaD+w9DeRd0PmNGqGuNLKihPU9poxFGnATJYGn9dPtEhn2QrTdishFMg7jPXAhos+2T6YCWRQ==
  dependencies:
    handlebars "^4.7.7"

typedoc@^0.24.8:
  version "0.24.8"
  resolved "https://registry.yarnpkg.com/typedoc/-/typedoc-0.24.8.tgz#cce9f47ba6a8d52389f5e583716a2b3b4335b63e"
  integrity sha512-ahJ6Cpcvxwaxfu4KtjA8qZNqS43wYt6JL27wYiIgl1vd38WW/KWX11YuAeZhuz9v+ttrutSsgK+XO1CjL1kA3w==
  dependencies:
    lunr "^2.3.9"
    marked "^4.3.0"
    minimatch "^9.0.0"
    shiki "^0.14.1"

typescript@^5.1.3:
  version "5.1.3"
  resolved "https://registry.yarnpkg.com/typescript/-/typescript-5.1.3.tgz#8d84219244a6b40b6fb2b33cc1c062f715b9e826"
  integrity sha512-XH627E9vkeqhlZFQuL+UsyAXEnibT0kWR2FWONlr4sTjvxyJYnyefgrkyECLzM5NenmKzRAy2rR/OlYLA1HkZw==

uglify-js@^3.1.4:
  version "3.17.4"
  resolved "https://registry.yarnpkg.com/uglify-js/-/uglify-js-3.17.4.tgz#61678cf5fa3f5b7eb789bb345df29afb8257c22c"
  integrity sha512-T9q82TJI9e/C1TAxYvfb16xO120tMVFZrGA3f9/P4424DNu6ypK103y0GPFVa17yotwSyZW5iYXgjYHkGrJW/g==

vscode-oniguruma@^1.7.0:
  version "1.7.0"
  resolved "https://registry.yarnpkg.com/vscode-oniguruma/-/vscode-oniguruma-1.7.0.tgz#439bfad8fe71abd7798338d1cd3dc53a8beea94b"
  integrity sha512-L9WMGRfrjOhgHSdOYgCt/yRMsXzLDJSL7BPrOZt73gU0iWO4mpqzqQzOz5srxqTvMBaR0XZTSrVWo4j55Rc6cA==

vscode-textmate@^8.0.0:
  version "8.0.0"
  resolved "https://registry.yarnpkg.com/vscode-textmate/-/vscode-textmate-8.0.0.tgz#2c7a3b1163ef0441097e0b5d6389cd5504b59e5d"
  integrity sha512-AFbieoL7a5LMqcnOF04ji+rpXadgOXnZsxQr//r83kLPr7biP7am3g9zbaZIaBGwBRWeSvoMD4mgPdX3e4NWBg==

wordwrap@^1.0.0:
  version "1.0.0"
  resolved "https://registry.yarnpkg.com/wordwrap/-/wordwrap-1.0.0.tgz#27584810891456a4171c8d0226441ade90cbcaeb"
  integrity sha512-gvVzJFlPycKc5dZN4yPkP8w7Dc37BtP1yczEneOb4uq34pXZcvrtRTmWV8W+Ume+XCxKgbjM+nevkyFPMybd4Q==

yallist@^4.0.0:
  version "4.0.0"
  resolved "https://registry.yarnpkg.com/yallist/-/yallist-4.0.0.tgz#9bb92790d9c0effec63be73519e11a35019a3a72"
  integrity sha512-3wdGidZyq5PB084XLES5TpOSRA3wjXAlIWMhum2kRcv/41Sn2emQ0dycQW4uZXLejwKvg6EsvbdlVL+FYEct7A==
